{
  "version": 4,
  "terraform_version": "1.4.2",
  "serial": 9,
  "lineage": "92e5fd0d-9e02-3671-6d5a-d49d0a9c12e6",
  "outputs": {},
  "resources": [
    {
      "mode": "managed",
      "type": "newrelic_alert_policy",
      "name": "himani_policy",
      "provider": "provider[\"registry.terraform.io/newrelic/newrelic\"]",
      "instances": [
        {
          "schema_version": 0,
          "attributes": {
            "account_id": 4043746,
            "channel_ids": null,
            "id": "4876149",
            "incident_preference": "PER_POLICY",
            "name": "Himani_policy_terraform"
          },
          "sensitive_attributes": [],
          "private": "bnVsbA=="
        }
      ]
    },
    {
      "mode": "managed",
      "type": "newrelic_nrql_alert_condition",
      "name": "himani_policy_condition",
      "provider": "provider[\"registry.terraform.io/newrelic/newrelic\"]",
      "instances": [
        {
          "index_key": "condition-1",
          "schema_version": 0,
          "attributes": {
            "account_id": 4043746,
            "aggregation_delay": "120",
            "aggregation_method": "event_flow",
            "aggregation_timer": null,
            "aggregation_window": 60,
            "baseline_direction": null,
            "close_violations_on_expiration": false,
            "critical": [
              {
                "duration": 0,
                "operator": "above",
                "threshold": 12,
                "threshold_duration": 300,
                "threshold_occurrences": "all",
                "time_function": ""
              }
            ],
            "description": "This alert is for CPU usage",
            "enabled": true,
            "entity_guid": "NDA0Mzc0NnxBSU9QU3xDT05ESVRJT058Mzc0MTczMjI",
            "evaluation_delay": null,
            "expiration_duration": 0,
            "fill_option": "none",
            "fill_value": 0,
            "id": "4876149:37417322",
            "name": "Himani_alert_condition1",
            "nrql": [
              {
                "evaluation_offset": 0,
                "query": "SELECT average(host.cpuPercent) AS 'CPU used %' FROM Metric WHERE `entityGuid` = 'NDA0Mzc0NnxJTkZSQXxOQXwyNzExMjQ4Njc1OTYwMTU5NTcw'",
                "since_value": ""
              }
            ],
            "open_violation_on_expiration": false,
            "policy_id": 4876149,
            "runbook_url": "",
            "slide_by": null,
            "term": [],
            "timeouts": null,
            "type": "static",
            "violation_time_limit": "NON_MATCHABLE_LIMIT_VALUE",
            "violation_time_limit_seconds": 259200,
            "warning": [
              {
                "duration": 0,
                "operator": "above_or_equals",
                "threshold": 6,
                "threshold_duration": 600,
                "threshold_occurrences": "all",
                "time_function": ""
              }
            ]
          },
          "sensitive_attributes": [],
          "private": "eyJlMmJmYjczMC1lY2FhLTExZTYtOGY4OC0zNDM2M2JjN2M0YzAiOnsiY3JlYXRlIjozMDAwMDAwMDAwMH19",
          "dependencies": [
            "newrelic_alert_policy.himani_policy"
          ]
        },
        {
          "index_key": "condition-2",
          "schema_version": 0,
          "attributes": {
            "account_id": 4043746,
            "aggregation_delay": "120",
            "aggregation_method": "event_flow",
            "aggregation_timer": null,
            "aggregation_window": 60,
            "baseline_direction": null,
            "close_violations_on_expiration": false,
            "critical": [
              {
                "duration": 0,
                "operator": "above",
                "threshold": 10,
                "threshold_duration": 300,
                "threshold_occurrences": "all",
                "time_function": ""
              }
            ],
            "description": "This alert is for Memory usage",
            "enabled": true,
            "entity_guid": "NDA0Mzc0NnxBSU9QU3xDT05ESVRJT058Mzc0MTczMjk",
            "evaluation_delay": null,
            "expiration_duration": 0,
            "fill_option": "none",
            "fill_value": 0,
            "id": "4876149:37417329",
            "name": "Himani_alert_condition2",
            "nrql": [
              {
                "evaluation_offset": 0,
                "query": "SELECT average(host.memoryUsedPercent) AS 'Memory used %' FROM Metric WHERE `entityGuid` = 'NDA0Mzc0NnxJTkZSQXxOQXwyNzExMjQ4Njc1OTYwMTU5NTcw'",
                "since_value": ""
              }
            ],
            "open_violation_on_expiration": false,
            "policy_id": 4876149,
            "runbook_url": "",
            "slide_by": null,
            "term": [],
            "timeouts": null,
            "type": "static",
            "violation_time_limit": "NON_MATCHABLE_LIMIT_VALUE",
            "violation_time_limit_seconds": 259200,
            "warning": [
              {
                "duration": 0,
                "operator": "above",
                "threshold": 5,
                "threshold_duration": 600,
                "threshold_occurrences": "all",
                "time_function": ""
              }
            ]
          },
          "sensitive_attributes": [],
          "private": "eyJlMmJmYjczMC1lY2FhLTExZTYtOGY4OC0zNDM2M2JjN2M0YzAiOnsiY3JlYXRlIjozMDAwMDAwMDAwMH19",
          "dependencies": [
            "newrelic_alert_policy.himani_policy"
          ]
        }
      ]
    }
  ],
  "check_results": null
}
